
Microsoft Visual Studio Solution File, Format Version 12.00
# Visual Studio 15
VisualStudioVersion = 15.0.26124.0
MinimumVisualStudioVersion = 15.0.26124.0
Project("{FAE04EC0-301F-11D3-BF4B-00C04F79EFBC}") = "PersistentSorter.Commands", "PersistentSorter.Commands\PersistentSorter.Commands.csproj", "{F861B176-A9A9-4CE8-B218-34BE5BCB6FCB}"
EndProject
Project("{FAE04EC0-301F-11D3-BF4B-00C04F79EFBC}") = "PersistentSorter.Core", "PersistentSorter.Core\PersistentSorter.Core.csproj", "{D591BF8A-590C-405C-A05F-8A246305DB8B}"
EndProject
Project("{FAE04EC0-301F-11D3-BF4B-00C04F79EFBC}") = "PersistentSorter.Queries", "PersistentSorter.Queries\PersistentSorter.Queries.csproj", "{B20EC79A-4076-4869-8FB4-63C1FFB1A07A}"
EndProject
Project("{FAE04EC0-301F-11D3-BF4B-00C04F79EFBC}") = "PersistentSorter.Repository.InMemory", "PersistentSorter.Repository.InMemory\PersistentSorter.Repository.InMemory.csproj", "{EA932F6B-D228-4766-A879-0A6150B51B44}"
EndProject
Project("{FAE04EC0-301F-11D3-BF4B-00C04F79EFBC}") = "PersistentSorter.Repository.MsSql", "PersistentSorter.Repository.MsSql\PersistentSorter.Repository.MsSql.csproj", "{B41D7298-1ADA-4017-8592-4CBB71BA33E1}"
EndProject
Project("{FAE04EC0-301F-11D3-BF4B-00C04F79EFBC}") = "PersistentSorter.WebApp", "PersistentSorter.WebApp\PersistentSorter.WebApp.csproj", "{7601DA8F-F9AE-4811-978E-D79B3F50723A}"
EndProject
Global
	GlobalSection(SolutionConfigurationPlatforms) = preSolution
		Debug|Any CPU = Debug|Any CPU
		Debug|x64 = Debug|x64
		Debug|x86 = Debug|x86
		Release|Any CPU = Release|Any CPU
		Release|x64 = Release|x64
		Release|x86 = Release|x86
	EndGlobalSection
	GlobalSection(SolutionProperties) = preSolution
		HideSolutionNode = FALSE
	EndGlobalSection
	GlobalSection(ProjectConfigurationPlatforms) = postSolution
		{F861B176-A9A9-4CE8-B218-34BE5BCB6FCB}.Debug|Any CPU.ActiveCfg = Debug|Any CPU
		{F861B176-A9A9-4CE8-B218-34BE5BCB6FCB}.Debug|Any CPU.Build.0 = Debug|Any CPU
		{F861B176-A9A9-4CE8-B218-34BE5BCB6FCB}.Debug|x64.ActiveCfg = Debug|Any CPU
		{F861B176-A9A9-4CE8-B218-34BE5BCB6FCB}.Debug|x64.Build.0 = Debug|Any CPU
		{F861B176-A9A9-4CE8-B218-34BE5BCB6FCB}.Debug|x86.ActiveCfg = Debug|Any CPU
		{F861B176-A9A9-4CE8-B218-34BE5BCB6FCB}.Debug|x86.Build.0 = Debug|Any CPU
		{F861B176-A9A9-4CE8-B218-34BE5BCB6FCB}.Release|Any CPU.ActiveCfg = Release|Any CPU
		{F861B176-A9A9-4CE8-B218-34BE5BCB6FCB}.Release|Any CPU.Build.0 = Release|Any CPU
		{F861B176-A9A9-4CE8-B218-34BE5BCB6FCB}.Release|x64.ActiveCfg = Release|Any CPU
		{F861B176-A9A9-4CE8-B218-34BE5BCB6FCB}.Release|x64.Build.0 = Release|Any CPU
		{F861B176-A9A9-4CE8-B218-34BE5BCB6FCB}.Release|x86.ActiveCfg = Release|Any CPU
		{F861B176-A9A9-4CE8-B218-34BE5BCB6FCB}.Release|x86.Build.0 = Release|Any CPU
		{D591BF8A-590C-405C-A05F-8A246305DB8B}.Debug|Any CPU.ActiveCfg = Debug|Any CPU
		{D591BF8A-590C-405C-A05F-8A246305DB8B}.Debug|Any CPU.Build.0 = Debug|Any CPU
		{D591BF8A-590C-405C-A05F-8A246305DB8B}.Debug|x64.ActiveCfg = Debug|Any CPU
		{D591BF8A-590C-405C-A05F-8A246305DB8B}.Debug|x64.Build.0 = Debug|Any CPU
		{D591BF8A-590C-405C-A05F-8A246305DB8B}.Debug|x86.ActiveCfg = Debug|Any CPU
		{D591BF8A-590C-405C-A05F-8A246305DB8B}.Debug|x86.Build.0 = Debug|Any CPU
		{D591BF8A-590C-405C-A05F-8A246305DB8B}.Release|Any CPU.ActiveCfg = Release|Any CPU
		{D591BF8A-590C-405C-A05F-8A246305DB8B}.Release|Any CPU.Build.0 = Release|Any CPU
		{D591BF8A-590C-405C-A05F-8A246305DB8B}.Release|x64.ActiveCfg = Release|Any CPU
		{D591BF8A-590C-405C-A05F-8A246305DB8B}.Release|x64.Build.0 = Release|Any CPU
		{D591BF8A-590C-405C-A05F-8A246305DB8B}.Release|x86.ActiveCfg = Release|Any CPU
		{D591BF8A-590C-405C-A05F-8A246305DB8B}.Release|x86.Build.0 = Release|Any CPU
		{B20EC79A-4076-4869-8FB4-63C1FFB1A07A}.Debug|Any CPU.ActiveCfg = Debug|Any CPU
		{B20EC79A-4076-4869-8FB4-63C1FFB1A07A}.Debug|Any CPU.Build.0 = Debug|Any CPU
		{B20EC79A-4076-4869-8FB4-63C1FFB1A07A}.Debug|x64.ActiveCfg = Debug|Any CPU
		{B20EC79A-4076-4869-8FB4-63C1FFB1A07A}.Debug|x64.Build.0 = Debug|Any CPU
		{B20EC79A-4076-4869-8FB4-63C1FFB1A07A}.Debug|x86.ActiveCfg = Debug|Any CPU
		{B20EC79A-4076-4869-8FB4-63C1FFB1A07A}.Debug|x86.Build.0 = Debug|Any CPU
		{B20EC79A-4076-4869-8FB4-63C1FFB1A07A}.Release|Any CPU.ActiveCfg = Release|Any CPU
		{B20EC79A-4076-4869-8FB4-63C1FFB1A07A}.Release|Any CPU.Build.0 = Release|Any CPU
		{B20EC79A-4076-4869-8FB4-63C1FFB1A07A}.Release|x64.ActiveCfg = Release|Any CPU
		{B20EC79A-4076-4869-8FB4-63C1FFB1A07A}.Release|x64.Build.0 = Release|Any CPU
		{B20EC79A-4076-4869-8FB4-63C1FFB1A07A}.Release|x86.ActiveCfg = Release|Any CPU
		{B20EC79A-4076-4869-8FB4-63C1FFB1A07A}.Release|x86.Build.0 = Release|Any CPU
		{EA932F6B-D228-4766-A879-0A6150B51B44}.Debug|Any CPU.ActiveCfg = Debug|Any CPU
		{EA932F6B-D228-4766-A879-0A6150B51B44}.Debug|Any CPU.Build.0 = Debug|Any CPU
		{EA932F6B-D228-4766-A879-0A6150B51B44}.Debug|x64.ActiveCfg = Debug|Any CPU
		{EA932F6B-D228-4766-A879-0A6150B51B44}.Debug|x64.Build.0 = Debug|Any CPU
		{EA932F6B-D228-4766-A879-0A6150B51B44}.Debug|x86.ActiveCfg = Debug|Any CPU
		{EA932F6B-D228-4766-A879-0A6150B51B44}.Debug|x86.Build.0 = Debug|Any CPU
		{EA932F6B-D228-4766-A879-0A6150B51B44}.Release|Any CPU.ActiveCfg = Release|Any CPU
		{EA932F6B-D228-4766-A879-0A6150B51B44}.Release|Any CPU.Build.0 = Release|Any CPU
		{EA932F6B-D228-4766-A879-0A6150B51B44}.Release|x64.ActiveCfg = Release|Any CPU
		{EA932F6B-D228-4766-A879-0A6150B51B44}.Release|x64.Build.0 = Release|Any CPU
		{EA932F6B-D228-4766-A879-0A6150B51B44}.Release|x86.ActiveCfg = Release|Any CPU
		{EA932F6B-D228-4766-A879-0A6150B51B44}.Release|x86.Build.0 = Release|Any CPU
		{B41D7298-1ADA-4017-8592-4CBB71BA33E1}.Debug|Any CPU.ActiveCfg = Debug|Any CPU
		{B41D7298-1ADA-4017-8592-4CBB71BA33E1}.Debug|Any CPU.Build.0 = Debug|Any CPU
		{B41D7298-1ADA-4017-8592-4CBB71BA33E1}.Debug|x64.ActiveCfg = Debug|Any CPU
		{B41D7298-1ADA-4017-8592-4CBB71BA33E1}.Debug|x64.Build.0 = Debug|Any CPU
		{B41D7298-1ADA-4017-8592-4CBB71BA33E1}.Debug|x86.ActiveCfg = Debug|Any CPU
		{B41D7298-1ADA-4017-8592-4CBB71BA33E1}.Debug|x86.Build.0 = Debug|Any CPU
		{B41D7298-1ADA-4017-8592-4CBB71BA33E1}.Release|Any CPU.ActiveCfg = Release|Any CPU
		{B41D7298-1ADA-4017-8592-4CBB71BA33E1}.Release|Any CPU.Build.0 = Release|Any CPU
		{B41D7298-1ADA-4017-8592-4CBB71BA33E1}.Release|x64.ActiveCfg = Release|Any CPU
		{B41D7298-1ADA-4017-8592-4CBB71BA33E1}.Release|x64.Build.0 = Release|Any CPU
		{B41D7298-1ADA-4017-8592-4CBB71BA33E1}.Release|x86.ActiveCfg = Release|Any CPU
		{B41D7298-1ADA-4017-8592-4CBB71BA33E1}.Release|x86.Build.0 = Release|Any CPU
		{7601DA8F-F9AE-4811-978E-D79B3F50723A}.Debug|Any CPU.ActiveCfg = Debug|Any CPU
		{7601DA8F-F9AE-4811-978E-D79B3F50723A}.Debug|Any CPU.Build.0 = Debug|Any CPU
		{7601DA8F-F9AE-4811-978E-D79B3F50723A}.Debug|x64.ActiveCfg = Debug|Any CPU
		{7601DA8F-F9AE-4811-978E-D79B3F50723A}.Debug|x64.Build.0 = Debug|Any CPU
		{7601DA8F-F9AE-4811-978E-D79B3F50723A}.Debug|x86.ActiveCfg = Debug|Any CPU
		{7601DA8F-F9AE-4811-978E-D79B3F50723A}.Debug|x86.Build.0 = Debug|Any CPU
		{7601DA8F-F9AE-4811-978E-D79B3F50723A}.Release|Any CPU.ActiveCfg = Release|Any CPU
		{7601DA8F-F9AE-4811-978E-D79B3F50723A}.Release|Any CPU.Build.0 = Release|Any CPU
		{7601DA8F-F9AE-4811-978E-D79B3F50723A}.Release|x64.ActiveCfg = Release|Any CPU
		{7601DA8F-F9AE-4811-978E-D79B3F50723A}.Release|x64.Build.0 = Release|Any CPU
		{7601DA8F-F9AE-4811-978E-D79B3F50723A}.Release|x86.ActiveCfg = Release|Any CPU
		{7601DA8F-F9AE-4811-978E-D79B3F50723A}.Release|x86.Build.0 = Release|Any CPU
	EndGlobalSection
EndGlobal
